{
  "object": {
    "pins": [
      {
        "package": "Configuration",
        "repositoryURL": "https://github.com/IBM-Swift/Configuration.git",
        "state": {
          "branch": null,
          "revision": "1319813a098ce20bd02160d81aa59e8a9037a179",
          "version": "3.0.3"
        }
      },
      {
        "package": "FileKit",
        "repositoryURL": "https://github.com/IBM-Swift/FileKit.git",
        "state": {
          "branch": null,
          "revision": "26911acde61a3556b7583f84180048ea6a03973c",
          "version": "0.0.2"
        }
      },
      {
        "package": "LoggerAPI",
        "repositoryURL": "https://github.com/IBM-Swift/LoggerAPI.git",
        "state": {
          "branch": null,
          "revision": "e29073bb7cecf3673e56bcb16180e8fd0cb091f6",
          "version": "1.8.1"
        }
      },
      {
        "package": "COpenSSL",
        "repositoryURL": "https://github.com/PerfectlySoft/Perfect-COpenSSL.git",
        "state": {
          "branch": null,
          "revision": "4669765f9c301a91cf76ad0ddeece27367017acc",
          "version": "4.0.1"
        }
      },
      {
        "package": "PerfectCRUD",
        "repositoryURL": "https://github.com/PerfectlySoft/Perfect-CRUD.git",
        "state": {
          "branch": null,
          "revision": "5a947634b7ce0b991e8f455a61ce02449f2e6f36",
          "version": "1.2.3"
        }
      },
      {
        "package": "PerfectCrypto",
        "repositoryURL": "https://github.com/PerfectlySoft/Perfect-Crypto.git",
        "state": {
          "branch": null,
          "revision": "9a6fd2a63bf4f7f0b9a5eb90afa50eff66b7542d",
          "version": "3.2.0"
        }
      },
      {
        "package": "PerfectCURL",
        "repositoryURL": "https://github.com/PerfectlySoft/Perfect-CURL.git",
        "state": {
          "branch": null,
          "revision": "a9f8950554585bd12b9ec24ad4bfbe0b1519e03f",
          "version": "3.1.0"
        }
      },
      {
        "package": "PerfectCZlib",
        "repositoryURL": "https://github.com/PerfectlySoft/Perfect-CZlib-src.git",
        "state": {
          "branch": null,
          "revision": "b63e46909aad937c6434766f8f8c6720d8f3bd05",
          "version": "0.0.4"
        }
      },
      {
        "package": "PerfectHTTP",
        "repositoryURL": "https://github.com/PerfectlySoft/Perfect-HTTP.git",
        "state": {
          "branch": null,
          "revision": "a730fecd51cc7adca74adb260f5bcc0ad1378583",
          "version": "3.2.6"
        }
      },
      {
        "package": "PerfectHTTPServer",
        "repositoryURL": "https://github.com/PerfectlySoft/Perfect-HTTPServer.git",
        "state": {
          "branch": null,
          "revision": "4843cd54762d59b7e70841663ae561b279b80946",
          "version": "3.0.23"
        }
      },
      {
        "package": "cURL",
        "repositoryURL": "https://github.com/PerfectlySoft/Perfect-libcurl.git",
        "state": {
          "branch": null,
          "revision": "b3d7e65ef5c27c0a027cdc621f34835975301bf1",
          "version": "2.1.0"
        }
      },
      {
        "package": "libpq",
        "repositoryURL": "https://github.com/PerfectlySoft/Perfect-libpq.git",
        "state": {
          "branch": null,
          "revision": "71c77138037b3cfc97f944efd40af5301c8c7c1f",
          "version": "2.1.0"
        }
      },
      {
        "package": "PerfectLogger",
        "repositoryURL": "https://github.com/PerfectlySoft/Perfect-Logger.git",
        "state": {
          "branch": null,
          "revision": "78f47107c9f7563cf94e3b5d141ca8bf0cc2f995",
          "version": "3.3.0"
        }
      },
      {
        "package": "PerfectNet",
        "repositoryURL": "https://github.com/PerfectlySoft/Perfect-Net.git",
        "state": {
          "branch": null,
          "revision": "d00b2b9f4cccb4c398e1bcf18f767d6b8add6af7",
          "version": "3.3.0"
        }
      },
      {
        "package": "PerfectPostgreSQL",
        "repositoryURL": "https://github.com/PerfectlySoft/Perfect-PostgreSQL.git",
        "state": {
          "branch": null,
          "revision": "0ef4536fcd75fc6e165b0163e7000b190e76b297",
          "version": "3.2.1"
        }
      },
      {
        "package": "PerfectThread",
        "repositoryURL": "https://github.com/PerfectlySoft/Perfect-Thread.git",
        "state": {
          "branch": null,
          "revision": "fbbd7aec0ebe06fbeed58da54153226dd7613c4a",
          "version": "3.0.6"
        }
      },
      {
        "package": "PerfectLib",
        "repositoryURL": "https://github.com/PerfectlySoft/PerfectLib.git",
        "state": {
          "branch": null,
          "revision": "5a08c2a596df23a3ae30b6ac9cb509a38384166c",
          "version": "3.1.4"
        }
      },
      {
        "package": "PostgresStORM",
        "repositoryURL": "https://github.com/SwiftORM/Postgres-StORM.git",
        "state": {
          "branch": null,
          "revision": "63a1fd68e4aa4d961b92e1b9b21fd17d4ee6f5af",
          "version": "3.2.1"
        }
      },
      {
        "package": "StORM",
        "repositoryURL": "https://github.com/SwiftORM/StORM.git",
        "state": {
          "branch": null,
          "revision": "6b29b65bae2b15c7c32c151141f9b3345ec7c881",
          "version": "3.3.0"
        }
      },
      {
        "package": "SwiftMoment",
        "repositoryURL": "https://github.com/iamjono/SwiftMoment.git",
        "state": {
          "branch": null,
          "revision": "829be0bbb542655158cf7f20710895882de1151a",
          "version": "1.2.0"
        }
      }
    ]
  },
  "version": 1
}
