// !$*UTF8*$!
{
	archiveVersion = 1;
	classes = {
	};
	objectVersion = 50;
	objects = {

/* Begin PBXBuildFile section */
		6D06DA2222BEA7B100EE9DA9 /* CreateEventViewController.swift in Sources */ = {isa = PBXBuildFile; fileRef = 6D06DA2122BEA7B100EE9DA9 /* CreateEventViewController.swift */; };
		6D4900D822BEB9160071E3D3 /* UIToolbarExtension.swift in Sources */ = {isa = PBXBuildFile; fileRef = 6D4900D722BEB9160071E3D3 /* UIToolbarExtension.swift */; };
		6D4900DB22C7E1210071E3D3 /* EventsService.swift in Sources */ = {isa = PBXBuildFile; fileRef = 6D4900DA22C7E1210071E3D3 /* EventsService.swift */; };
		6D4900DD22C7E5A90071E3D3 /* AuthService.swift in Sources */ = {isa = PBXBuildFile; fileRef = 6D4900DC22C7E5A90071E3D3 /* AuthService.swift */; };
		6D4900E022C7EB980071E3D3 /* EventsServiceTests.swift in Sources */ = {isa = PBXBuildFile; fileRef = 6D4900DF22C7EB980071E3D3 /* EventsServiceTests.swift */; };
		6D4900E322C7EC1F0071E3D3 /* FakeServiceClient.swift in Sources */ = {isa = PBXBuildFile; fileRef = 6D4900E222C7EC1F0071E3D3 /* FakeServiceClient.swift */; };
		6D4900E722C7EE6F0071E3D3 /* EventList.json in Resources */ = {isa = PBXBuildFile; fileRef = 6D4900E622C7EE6F0071E3D3 /* EventList.json */; };
		6D4900E922C7F36B0071E3D3 /* CreateEvent.json in Resources */ = {isa = PBXBuildFile; fileRef = 6D4900E822C7F36B0071E3D3 /* CreateEvent.json */; };
		6D4900EB22C7F4BE0071E3D3 /* AuthServiceTests.swift in Sources */ = {isa = PBXBuildFile; fileRef = 6D4900EA22C7F4BE0071E3D3 /* AuthServiceTests.swift */; };
		6D4900ED22C7F6980071E3D3 /* FakeUserDefaults.swift in Sources */ = {isa = PBXBuildFile; fileRef = 6D4900EC22C7F6980071E3D3 /* FakeUserDefaults.swift */; };
		6D4900F022C7F75E0071E3D3 /* Auth.json in Resources */ = {isa = PBXBuildFile; fileRef = 6D4900EF22C7F75E0071E3D3 /* Auth.json */; };
		6D63F6DE2290960C00ABF4AB /* EventsViewController.swift in Sources */ = {isa = PBXBuildFile; fileRef = 6D63F6DD2290960C00ABF4AB /* EventsViewController.swift */; };
		6D63F6E12290965300ABF4AB /* AccountViewController.swift in Sources */ = {isa = PBXBuildFile; fileRef = 6D63F6E02290965300ABF4AB /* AccountViewController.swift */; };
		6D63F6E822909B8B00ABF4AB /* SignInCreateAccountViewController.swift in Sources */ = {isa = PBXBuildFile; fileRef = 6D63F6E622909B8B00ABF4AB /* SignInCreateAccountViewController.swift */; };
		6D63F6E922909B8B00ABF4AB /* SignInCreateAccountViewController.xib in Resources */ = {isa = PBXBuildFile; fileRef = 6D63F6E722909B8B00ABF4AB /* SignInCreateAccountViewController.xib */; };
		6D63F6EB2299B74300ABF4AB /* TopDownAnimator.swift in Sources */ = {isa = PBXBuildFile; fileRef = 6D63F6EA2299B74300ABF4AB /* TopDownAnimator.swift */; };
		6D750FEE22B6B4BA004BA26F /* NoEventsView.xib in Resources */ = {isa = PBXBuildFile; fileRef = 6D750FED22B6B4BA004BA26F /* NoEventsView.xib */; };
		6D750FF022B6B4CE004BA26F /* NoEventsView.swift in Sources */ = {isa = PBXBuildFile; fileRef = 6D750FEF22B6B4CE004BA26F /* NoEventsView.swift */; };
		6D750FF322B6BF3B004BA26F /* DateExtensions.swift in Sources */ = {isa = PBXBuildFile; fileRef = 6D750FF222B6BF3B004BA26F /* DateExtensions.swift */; };
		6D750FF522B6C18F004BA26F /* OptionalExtension.swift in Sources */ = {isa = PBXBuildFile; fileRef = 6D750FF422B6C18F004BA26F /* OptionalExtension.swift */; };
		6D750FF722B6C234004BA26F /* EventsTableViewController.swift in Sources */ = {isa = PBXBuildFile; fileRef = 6D750FF622B6C234004BA26F /* EventsTableViewController.swift */; };
		6D750FFA22B6CBBB004BA26F /* SubtitleTableCell.swift in Sources */ = {isa = PBXBuildFile; fileRef = 6D750FF922B6CBBB004BA26F /* SubtitleTableCell.swift */; };
		6D902A8A21FA968600A3860B /* AppDelegate.swift in Sources */ = {isa = PBXBuildFile; fileRef = 6D902A8921FA968600A3860B /* AppDelegate.swift */; };
		6D902A8F21FA968600A3860B /* Main.storyboard in Resources */ = {isa = PBXBuildFile; fileRef = 6D902A8D21FA968600A3860B /* Main.storyboard */; };
		6D902A9121FA968800A3860B /* Assets.xcassets in Resources */ = {isa = PBXBuildFile; fileRef = 6D902A9021FA968800A3860B /* Assets.xcassets */; };
		6D902A9421FA968800A3860B /* LaunchScreen.storyboard in Resources */ = {isa = PBXBuildFile; fileRef = 6D902A9221FA968800A3860B /* LaunchScreen.storyboard */; };
		6DBF8253229C27D400E334B9 /* ServiceClient.swift in Sources */ = {isa = PBXBuildFile; fileRef = 6DBF8252229C27D400E334B9 /* ServiceClient.swift */; };
		6DBF8255229C288400E334B9 /* URLBuilder.swift in Sources */ = {isa = PBXBuildFile; fileRef = 6DBF8254229C288400E334B9 /* URLBuilder.swift */; };
		6DBF8257229C2F2D00E334B9 /* NetworkErrors.swift in Sources */ = {isa = PBXBuildFile; fileRef = 6DBF8256229C2F2D00E334B9 /* NetworkErrors.swift */; };
		6DBF825A229C341100E334B9 /* User.swift in Sources */ = {isa = PBXBuildFile; fileRef = 6DBF8259229C341100E334B9 /* User.swift */; };
		6DBF825C229C34EA00E334B9 /* Beer.swift in Sources */ = {isa = PBXBuildFile; fileRef = 6DBF825B229C34EA00E334B9 /* Beer.swift */; };
		6DBF825E229C34F200E334B9 /* Event.swift in Sources */ = {isa = PBXBuildFile; fileRef = 6DBF825D229C34F200E334B9 /* Event.swift */; };
		6DBF826122A2FDCC00E334B9 /* Cacheable.swift in Sources */ = {isa = PBXBuildFile; fileRef = 6DBF826022A2FDCC00E334B9 /* Cacheable.swift */; };
		6DBF826622A305CE00E334B9 /* Cache.swift in Sources */ = {isa = PBXBuildFile; fileRef = 6DBF826522A305CE00E334B9 /* Cache.swift */; };
		6DBF826822A305EB00E334B9 /* Defaults.swift in Sources */ = {isa = PBXBuildFile; fileRef = 6DBF826722A305EB00E334B9 /* Defaults.swift */; };
		6DBF826B22A30A0200E334B9 /* UserViewController.swift in Sources */ = {isa = PBXBuildFile; fileRef = 6DBF826922A30A0200E334B9 /* UserViewController.swift */; };
		6DBF826C22A30A0200E334B9 /* UserViewController.xib in Resources */ = {isa = PBXBuildFile; fileRef = 6DBF826A22A30A0200E334B9 /* UserViewController.xib */; };
		6DC8FF7622061E30002749A4 /* EnterBeerViewController.swift in Sources */ = {isa = PBXBuildFile; fileRef = 6DC8FF7522061E30002749A4 /* EnterBeerViewController.swift */; };
		6DF976BD22D11688000046BF /* UserService.swift in Sources */ = {isa = PBXBuildFile; fileRef = 6DF976BC22D11688000046BF /* UserService.swift */; };
		6DF976BF22D1169A000046BF /* UserServiceTests.swift in Sources */ = {isa = PBXBuildFile; fileRef = 6DF976BE22D1169A000046BF /* UserServiceTests.swift */; };
/* End PBXBuildFile section */

/* Begin PBXContainerItemProxy section */
		6D902A9B21FA968900A3860B /* PBXContainerItemProxy */ = {
			isa = PBXContainerItemProxy;
			containerPortal = 6D902A7E21FA968600A3860B /* Project object */;
			proxyType = 1;
			remoteGlobalIDString = 6D902A8521FA968600A3860B;
			remoteInfo = Febrewary;
		};
/* End PBXContainerItemProxy section */

/* Begin PBXFileReference section */
		6D06DA2122BEA7B100EE9DA9 /* CreateEventViewController.swift */ = {isa = PBXFileReference; lastKnownFileType = sourcecode.swift; path = CreateEventViewController.swift; sourceTree = "<group>"; };
		6D4900D722BEB9160071E3D3 /* UIToolbarExtension.swift */ = {isa = PBXFileReference; lastKnownFileType = sourcecode.swift; path = UIToolbarExtension.swift; sourceTree = "<group>"; };
		6D4900DA22C7E1210071E3D3 /* EventsService.swift */ = {isa = PBXFileReference; lastKnownFileType = sourcecode.swift; path = EventsService.swift; sourceTree = "<group>"; };
		6D4900DC22C7E5A90071E3D3 /* AuthService.swift */ = {isa = PBXFileReference; lastKnownFileType = sourcecode.swift; path = AuthService.swift; sourceTree = "<group>"; };
		6D4900DF22C7EB980071E3D3 /* EventsServiceTests.swift */ = {isa = PBXFileReference; lastKnownFileType = sourcecode.swift; path = EventsServiceTests.swift; sourceTree = "<group>"; };
		6D4900E222C7EC1F0071E3D3 /* FakeServiceClient.swift */ = {isa = PBXFileReference; lastKnownFileType = sourcecode.swift; path = FakeServiceClient.swift; sourceTree = "<group>"; };
		6D4900E622C7EE6F0071E3D3 /* EventList.json */ = {isa = PBXFileReference; lastKnownFileType = text.json; path = EventList.json; sourceTree = "<group>"; };
		6D4900E822C7F36B0071E3D3 /* CreateEvent.json */ = {isa = PBXFileReference; lastKnownFileType = text.json; path = CreateEvent.json; sourceTree = "<group>"; xcLanguageSpecificationIdentifier = xcode.lang.json; };
		6D4900EA22C7F4BE0071E3D3 /* AuthServiceTests.swift */ = {isa = PBXFileReference; lastKnownFileType = sourcecode.swift; path = AuthServiceTests.swift; sourceTree = "<group>"; };
		6D4900EC22C7F6980071E3D3 /* FakeUserDefaults.swift */ = {isa = PBXFileReference; lastKnownFileType = sourcecode.swift; path = FakeUserDefaults.swift; sourceTree = "<group>"; };
		6D4900EF22C7F75E0071E3D3 /* Auth.json */ = {isa = PBXFileReference; lastKnownFileType = text.json; path = Auth.json; sourceTree = "<group>"; };
		6D63F6DD2290960C00ABF4AB /* EventsViewController.swift */ = {isa = PBXFileReference; lastKnownFileType = sourcecode.swift; path = EventsViewController.swift; sourceTree = "<group>"; };
		6D63F6E02290965300ABF4AB /* AccountViewController.swift */ = {isa = PBXFileReference; lastKnownFileType = sourcecode.swift; path = AccountViewController.swift; sourceTree = "<group>"; };
		6D63F6E622909B8B00ABF4AB /* SignInCreateAccountViewController.swift */ = {isa = PBXFileReference; lastKnownFileType = sourcecode.swift; path = SignInCreateAccountViewController.swift; sourceTree = "<group>"; };
		6D63F6E722909B8B00ABF4AB /* SignInCreateAccountViewController.xib */ = {isa = PBXFileReference; lastKnownFileType = file.xib; path = SignInCreateAccountViewController.xib; sourceTree = "<group>"; };
		6D63F6EA2299B74300ABF4AB /* TopDownAnimator.swift */ = {isa = PBXFileReference; lastKnownFileType = sourcecode.swift; path = TopDownAnimator.swift; sourceTree = "<group>"; };
		6D750FED22B6B4BA004BA26F /* NoEventsView.xib */ = {isa = PBXFileReference; lastKnownFileType = file.xib; path = NoEventsView.xib; sourceTree = "<group>"; };
		6D750FEF22B6B4CE004BA26F /* NoEventsView.swift */ = {isa = PBXFileReference; lastKnownFileType = sourcecode.swift; path = NoEventsView.swift; sourceTree = "<group>"; };
		6D750FF222B6BF3B004BA26F /* DateExtensions.swift */ = {isa = PBXFileReference; lastKnownFileType = sourcecode.swift; path = DateExtensions.swift; sourceTree = "<group>"; };
		6D750FF422B6C18F004BA26F /* OptionalExtension.swift */ = {isa = PBXFileReference; lastKnownFileType = sourcecode.swift; path = OptionalExtension.swift; sourceTree = "<group>"; };
		6D750FF622B6C234004BA26F /* EventsTableViewController.swift */ = {isa = PBXFileReference; lastKnownFileType = sourcecode.swift; path = EventsTableViewController.swift; sourceTree = "<group>"; };
		6D750FF922B6CBBB004BA26F /* SubtitleTableCell.swift */ = {isa = PBXFileReference; lastKnownFileType = sourcecode.swift; path = SubtitleTableCell.swift; sourceTree = "<group>"; };
		6D902A8621FA968600A3860B /* Febrewary.app */ = {isa = PBXFileReference; explicitFileType = wrapper.application; includeInIndex = 0; path = Febrewary.app; sourceTree = BUILT_PRODUCTS_DIR; };
		6D902A8921FA968600A3860B /* AppDelegate.swift */ = {isa = PBXFileReference; lastKnownFileType = sourcecode.swift; path = AppDelegate.swift; sourceTree = "<group>"; };
		6D902A8E21FA968600A3860B /* Base */ = {isa = PBXFileReference; lastKnownFileType = file.storyboard; name = Base; path = Base.lproj/Main.storyboard; sourceTree = "<group>"; };
		6D902A9021FA968800A3860B /* Assets.xcassets */ = {isa = PBXFileReference; lastKnownFileType = folder.assetcatalog; path = Assets.xcassets; sourceTree = "<group>"; };
		6D902A9321FA968800A3860B /* Base */ = {isa = PBXFileReference; lastKnownFileType = file.storyboard; name = Base; path = Base.lproj/LaunchScreen.storyboard; sourceTree = "<group>"; };
		6D902A9521FA968800A3860B /* Info.plist */ = {isa = PBXFileReference; lastKnownFileType = text.plist.xml; path = Info.plist; sourceTree = "<group>"; };
		6D902A9A21FA968900A3860B /* FebrewaryTests.xctest */ = {isa = PBXFileReference; explicitFileType = wrapper.cfbundle; includeInIndex = 0; path = FebrewaryTests.xctest; sourceTree = BUILT_PRODUCTS_DIR; };
		6D902AA021FA968900A3860B /* Info.plist */ = {isa = PBXFileReference; lastKnownFileType = text.plist.xml; path = Info.plist; sourceTree = "<group>"; };
		6DBF8252229C27D400E334B9 /* ServiceClient.swift */ = {isa = PBXFileReference; lastKnownFileType = sourcecode.swift; path = ServiceClient.swift; sourceTree = "<group>"; };
		6DBF8254229C288400E334B9 /* URLBuilder.swift */ = {isa = PBXFileReference; lastKnownFileType = sourcecode.swift; path = URLBuilder.swift; sourceTree = "<group>"; };
		6DBF8256229C2F2D00E334B9 /* NetworkErrors.swift */ = {isa = PBXFileReference; lastKnownFileType = sourcecode.swift; path = NetworkErrors.swift; sourceTree = "<group>"; };
		6DBF8259229C341100E334B9 /* User.swift */ = {isa = PBXFileReference; lastKnownFileType = sourcecode.swift; path = User.swift; sourceTree = "<group>"; };
		6DBF825B229C34EA00E334B9 /* Beer.swift */ = {isa = PBXFileReference; lastKnownFileType = sourcecode.swift; path = Beer.swift; sourceTree = "<group>"; };
		6DBF825D229C34F200E334B9 /* Event.swift */ = {isa = PBXFileReference; lastKnownFileType = sourcecode.swift; path = Event.swift; sourceTree = "<group>"; };
		6DBF826022A2FDCC00E334B9 /* Cacheable.swift */ = {isa = PBXFileReference; lastKnownFileType = sourcecode.swift; path = Cacheable.swift; sourceTree = "<group>"; };
		6DBF826522A305CE00E334B9 /* Cache.swift */ = {isa = PBXFileReference; lastKnownFileType = sourcecode.swift; path = Cache.swift; sourceTree = "<group>"; };
		6DBF826722A305EB00E334B9 /* Defaults.swift */ = {isa = PBXFileReference; lastKnownFileType = sourcecode.swift; path = Defaults.swift; sourceTree = "<group>"; };
		6DBF826922A30A0200E334B9 /* UserViewController.swift */ = {isa = PBXFileReference; lastKnownFileType = sourcecode.swift; path = UserViewController.swift; sourceTree = "<group>"; };
		6DBF826A22A30A0200E334B9 /* UserViewController.xib */ = {isa = PBXFileReference; lastKnownFileType = file.xib; path = UserViewController.xib; sourceTree = "<group>"; };
		6DC8FF7522061E30002749A4 /* EnterBeerViewController.swift */ = {isa = PBXFileReference; lastKnownFileType = sourcecode.swift; path = EnterBeerViewController.swift; sourceTree = "<group>"; };
		6DF976BC22D11688000046BF /* UserService.swift */ = {isa = PBXFileReference; lastKnownFileType = sourcecode.swift; path = UserService.swift; sourceTree = "<group>"; };
		6DF976BE22D1169A000046BF /* UserServiceTests.swift */ = {isa = PBXFileReference; lastKnownFileType = sourcecode.swift; path = UserServiceTests.swift; sourceTree = "<group>"; };
/* End PBXFileReference section */

/* Begin PBXFrameworksBuildPhase section */
		6D902A8321FA968600A3860B /* Frameworks */ = {
			isa = PBXFrameworksBuildPhase;
			buildActionMask = 2147483647;
			files = (
			);
			runOnlyForDeploymentPostprocessing = 0;
		};
		6D902A9721FA968900A3860B /* Frameworks */ = {
			isa = PBXFrameworksBuildPhase;
			buildActionMask = 2147483647;
			files = (
			);
			runOnlyForDeploymentPostprocessing = 0;
		};
/* End PBXFrameworksBuildPhase section */

/* Begin PBXGroup section */
		6D06DA2022BEA79A00EE9DA9 /* Create Event */ = {
			isa = PBXGroup;
			children = (
				6D06DA2122BEA7B100EE9DA9 /* CreateEventViewController.swift */,
			);
			path = "Create Event";
			sourceTree = "<group>";
		};
		6D4900D622BEB6D50071E3D3 /* Date Picker */ = {
			isa = PBXGroup;
			children = (
			);
			path = "Date Picker";
			sourceTree = "<group>";
		};
		6D4900D922C7E10F0071E3D3 /* Services */ = {
			isa = PBXGroup;
			children = (
				6D4900DA22C7E1210071E3D3 /* EventsService.swift */,
				6D4900DC22C7E5A90071E3D3 /* AuthService.swift */,
				6DF976BC22D11688000046BF /* UserService.swift */,
			);
			path = Services;
			sourceTree = "<group>";
		};
		6D4900DE22C7EB6B0071E3D3 /* Services Tests */ = {
			isa = PBXGroup;
			children = (
				6D4900E122C7EBE40071E3D3 /* Test Doubles */,
				6D4900DF22C7EB980071E3D3 /* EventsServiceTests.swift */,
				6D4900EA22C7F4BE0071E3D3 /* AuthServiceTests.swift */,
				6DF976BE22D1169A000046BF /* UserServiceTests.swift */,
			);
			path = "Services Tests";
			sourceTree = "<group>";
		};
		6D4900E122C7EBE40071E3D3 /* Test Doubles */ = {
			isa = PBXGroup;
			children = (
				6D4900E222C7EC1F0071E3D3 /* FakeServiceClient.swift */,
				6D4900EC22C7F6980071E3D3 /* FakeUserDefaults.swift */,
			);
			path = "Test Doubles";
			sourceTree = "<group>";
		};
		6D4900E422C7EE530071E3D3 /* Fixtures */ = {
			isa = PBXGroup;
			children = (
				6D4900EE22C7F7460071E3D3 /* Auth */,
				6D4900E522C7EE5B0071E3D3 /* Events */,
			);
			path = Fixtures;
			sourceTree = "<group>";
		};
		6D4900E522C7EE5B0071E3D3 /* Events */ = {
			isa = PBXGroup;
			children = (
				6D4900E622C7EE6F0071E3D3 /* EventList.json */,
				6D4900E822C7F36B0071E3D3 /* CreateEvent.json */,
			);
			path = Events;
			sourceTree = "<group>";
		};
		6D4900EE22C7F7460071E3D3 /* Auth */ = {
			isa = PBXGroup;
			children = (
				6D4900EF22C7F75E0071E3D3 /* Auth.json */,
			);
			path = Auth;
			sourceTree = "<group>";
		};
		6D63F6DC229095EC00ABF4AB /* Events */ = {
			isa = PBXGroup;
			children = (
				6D06DA2022BEA79A00EE9DA9 /* Create Event */,
				6D750FE822AC4A31004BA26F /* Subviews */,
				6D63F6DD2290960C00ABF4AB /* EventsViewController.swift */,
			);
			path = Events;
			sourceTree = "<group>";
		};
		6D63F6DF2290964100ABF4AB /* Account */ = {
			isa = PBXGroup;
			children = (
				6D63F6E522909B4A00ABF4AB /* SubViews */,
				6D63F6E02290965300ABF4AB /* AccountViewController.swift */,
			);
			path = Account;
			sourceTree = "<group>";
		};
		6D63F6E522909B4A00ABF4AB /* SubViews */ = {
			isa = PBXGroup;
			children = (
				6D63F6E622909B8B00ABF4AB /* SignInCreateAccountViewController.swift */,
				6D63F6E722909B8B00ABF4AB /* SignInCreateAccountViewController.xib */,
				6DBF826922A30A0200E334B9 /* UserViewController.swift */,
				6DBF826A22A30A0200E334B9 /* UserViewController.xib */,
			);
			path = SubViews;
			sourceTree = "<group>";
		};
		6D750FE822AC4A31004BA26F /* Subviews */ = {
			isa = PBXGroup;
			children = (
				6D750FED22B6B4BA004BA26F /* NoEventsView.xib */,
				6D750FEF22B6B4CE004BA26F /* NoEventsView.swift */,
				6D750FF622B6C234004BA26F /* EventsTableViewController.swift */,
			);
			path = Subviews;
			sourceTree = "<group>";
		};
		6D750FF122B6BF2A004BA26F /* Extensions */ = {
			isa = PBXGroup;
			children = (
				6D750FF222B6BF3B004BA26F /* DateExtensions.swift */,
				6D750FF422B6C18F004BA26F /* OptionalExtension.swift */,
				6D4900D722BEB9160071E3D3 /* UIToolbarExtension.swift */,
			);
			path = Extensions;
			sourceTree = "<group>";
		};
		6D750FF822B6CBA7004BA26F /* Reusable */ = {
			isa = PBXGroup;
			children = (
				6D4900D622BEB6D50071E3D3 /* Date Picker */,
				6D750FF922B6CBBB004BA26F /* SubtitleTableCell.swift */,
			);
			path = Reusable;
			sourceTree = "<group>";
		};
		6D902A7D21FA968600A3860B = {
			isa = PBXGroup;
			children = (
				6D902A8821FA968600A3860B /* Febrewary */,
				6D902A9D21FA968900A3860B /* FebrewaryTests */,
				6D902A8721FA968600A3860B /* Products */,
			);
			sourceTree = "<group>";
		};
		6D902A8721FA968600A3860B /* Products */ = {
			isa = PBXGroup;
			children = (
				6D902A8621FA968600A3860B /* Febrewary.app */,
				6D902A9A21FA968900A3860B /* FebrewaryTests.xctest */,
			);
			name = Products;
			sourceTree = "<group>";
		};
		6D902A8821FA968600A3860B /* Febrewary */ = {
			isa = PBXGroup;
			children = (
				6D750FF122B6BF2A004BA26F /* Extensions */,
				6DBF826422A305C100E334B9 /* Storage */,
				6DBF825F22A2FDBC00E334B9 /* Protocols */,
				6DBF8258229C340400E334B9 /* Models */,
				6DBF8251229C278A00E334B9 /* Networking */,
				6DC8FF7021FCF955002749A4 /* Views */,
				6D902A8921FA968600A3860B /* AppDelegate.swift */,
				6D902A8D21FA968600A3860B /* Main.storyboard */,
				6D902A9021FA968800A3860B /* Assets.xcassets */,
				6D902A9221FA968800A3860B /* LaunchScreen.storyboard */,
				6D902A9521FA968800A3860B /* Info.plist */,
				6D63F6EA2299B74300ABF4AB /* TopDownAnimator.swift */,
			);
			path = Febrewary;
			sourceTree = "<group>";
		};
		6D902A9D21FA968900A3860B /* FebrewaryTests */ = {
			isa = PBXGroup;
			children = (
				6D4900E422C7EE530071E3D3 /* Fixtures */,
				6D4900DE22C7EB6B0071E3D3 /* Services Tests */,
				6D902AA021FA968900A3860B /* Info.plist */,
			);
			path = FebrewaryTests;
			sourceTree = "<group>";
		};
		6DBF8251229C278A00E334B9 /* Networking */ = {
			isa = PBXGroup;
			children = (
				6D4900D922C7E10F0071E3D3 /* Services */,
				6DBF8252229C27D400E334B9 /* ServiceClient.swift */,
				6DBF8254229C288400E334B9 /* URLBuilder.swift */,
				6DBF8256229C2F2D00E334B9 /* NetworkErrors.swift */,
			);
			path = Networking;
			sourceTree = "<group>";
		};
		6DBF8258229C340400E334B9 /* Models */ = {
			isa = PBXGroup;
			children = (
				6DBF825B229C34EA00E334B9 /* Beer.swift */,
				6DBF825D229C34F200E334B9 /* Event.swift */,
				6DBF8259229C341100E334B9 /* User.swift */,
			);
			path = Models;
			sourceTree = "<group>";
		};
		6DBF825F22A2FDBC00E334B9 /* Protocols */ = {
			isa = PBXGroup;
			children = (
				6DBF826022A2FDCC00E334B9 /* Cacheable.swift */,
			);
			path = Protocols;
			sourceTree = "<group>";
		};
		6DBF826422A305C100E334B9 /* Storage */ = {
			isa = PBXGroup;
			children = (
				6DBF826522A305CE00E334B9 /* Cache.swift */,
				6DBF826722A305EB00E334B9 /* Defaults.swift */,
			);
			path = Storage;
			sourceTree = "<group>";
		};
		6DC8FF7021FCF955002749A4 /* Views */ = {
			isa = PBXGroup;
			children = (
				6D750FF822B6CBA7004BA26F /* Reusable */,
				6D63F6DF2290964100ABF4AB /* Account */,
				6D63F6DC229095EC00ABF4AB /* Events */,
				6DC8FF7422061E18002749A4 /* EnterBeerViews */,
			);
			path = Views;
			sourceTree = "<group>";
		};
		6DC8FF7422061E18002749A4 /* EnterBeerViews */ = {
			isa = PBXGroup;
			children = (
				6DC8FF7522061E30002749A4 /* EnterBeerViewController.swift */,
			);
			path = EnterBeerViews;
			sourceTree = "<group>";
		};
/* End PBXGroup section */

/* Begin PBXNativeTarget section */
		6D902A8521FA968600A3860B /* Febrewary */ = {
			isa = PBXNativeTarget;
			buildConfigurationList = 6D902AA321FA968900A3860B /* Build configuration list for PBXNativeTarget "Febrewary" */;
			buildPhases = (
				6D902A8221FA968600A3860B /* Sources */,
				6D902A8321FA968600A3860B /* Frameworks */,
				6D902A8421FA968600A3860B /* Resources */,
			);
			buildRules = (
			);
			dependencies = (
			);
			name = Febrewary;
			productName = Febrewary;
			productReference = 6D902A8621FA968600A3860B /* Febrewary.app */;
			productType = "com.apple.product-type.application";
		};
		6D902A9921FA968900A3860B /* FebrewaryTests */ = {
			isa = PBXNativeTarget;
			buildConfigurationList = 6D902AA621FA968900A3860B /* Build configuration list for PBXNativeTarget "FebrewaryTests" */;
			buildPhases = (
				6D902A9621FA968900A3860B /* Sources */,
				6D902A9721FA968900A3860B /* Frameworks */,
				6D902A9821FA968900A3860B /* Resources */,
			);
			buildRules = (
			);
			dependencies = (
				6D902A9C21FA968900A3860B /* PBXTargetDependency */,
			);
			name = FebrewaryTests;
			productName = FebrewaryTests;
			productReference = 6D902A9A21FA968900A3860B /* FebrewaryTests.xctest */;
			productType = "com.apple.product-type.bundle.unit-test";
		};
/* End PBXNativeTarget section */

/* Begin PBXProject section */
		6D902A7E21FA968600A3860B /* Project object */ = {
			isa = PBXProject;
			attributes = {
				LastSwiftUpdateCheck = 1010;
				LastUpgradeCheck = 1010;
				ORGANIZATIONNAME = "Matt Dias";
				TargetAttributes = {
					6D902A8521FA968600A3860B = {
						CreatedOnToolsVersion = 10.1;
						LastSwiftMigration = 1020;
					};
					6D902A9921FA968900A3860B = {
						CreatedOnToolsVersion = 10.1;
						LastSwiftMigration = 1020;
						TestTargetID = 6D902A8521FA968600A3860B;
					};
				};
			};
			buildConfigurationList = 6D902A8121FA968600A3860B /* Build configuration list for PBXProject "Febrewary" */;
			compatibilityVersion = "Xcode 9.3";
			developmentRegion = en;
			hasScannedForEncodings = 0;
			knownRegions = (
				en,
				Base,
			);
			mainGroup = 6D902A7D21FA968600A3860B;
			productRefGroup = 6D902A8721FA968600A3860B /* Products */;
			projectDirPath = "";
			projectRoot = "";
			targets = (
				6D902A8521FA968600A3860B /* Febrewary */,
				6D902A9921FA968900A3860B /* FebrewaryTests */,
			);
		};
/* End PBXProject section */

/* Begin PBXResourcesBuildPhase section */
		6D902A8421FA968600A3860B /* Resources */ = {
			isa = PBXResourcesBuildPhase;
			buildActionMask = 2147483647;
			files = (
				6D750FEE22B6B4BA004BA26F /* NoEventsView.xib in Resources */,
				6D902A9421FA968800A3860B /* LaunchScreen.storyboard in Resources */,
				6DBF826C22A30A0200E334B9 /* UserViewController.xib in Resources */,
				6D902A9121FA968800A3860B /* Assets.xcassets in Resources */,
				6D63F6E922909B8B00ABF4AB /* SignInCreateAccountViewController.xib in Resources */,
				6D902A8F21FA968600A3860B /* Main.storyboard in Resources */,
			);
			runOnlyForDeploymentPostprocessing = 0;
		};
		6D902A9821FA968900A3860B /* Resources */ = {
			isa = PBXResourcesBuildPhase;
			buildActionMask = 2147483647;
			files = (
				6D4900E722C7EE6F0071E3D3 /* EventList.json in Resources */,
				6D4900E922C7F36B0071E3D3 /* CreateEvent.json in Resources */,
				6D4900F022C7F75E0071E3D3 /* Auth.json in Resources */,
			);
			runOnlyForDeploymentPostprocessing = 0;
		};
/* End PBXResourcesBuildPhase section */

/* Begin PBXSourcesBuildPhase section */
		6D902A8221FA968600A3860B /* Sources */ = {
			isa = PBXSourcesBuildPhase;
			buildActionMask = 2147483647;
			files = (
				6DBF826622A305CE00E334B9 /* Cache.swift in Sources */,
				6DBF826B22A30A0200E334B9 /* UserViewController.swift in Sources */,
				6D63F6E12290965300ABF4AB /* AccountViewController.swift in Sources */,
				6D750FFA22B6CBBB004BA26F /* SubtitleTableCell.swift in Sources */,
				6D4900DB22C7E1210071E3D3 /* EventsService.swift in Sources */,
				6DBF8255229C288400E334B9 /* URLBuilder.swift in Sources */,
				6DF976BD22D11688000046BF /* UserService.swift in Sources */,
				6D63F6DE2290960C00ABF4AB /* EventsViewController.swift in Sources */,
				6D4900DD22C7E5A90071E3D3 /* AuthService.swift in Sources */,
				6D750FF322B6BF3B004BA26F /* DateExtensions.swift in Sources */,
				6D06DA2222BEA7B100EE9DA9 /* CreateEventViewController.swift in Sources */,
				6DBF825C229C34EA00E334B9 /* Beer.swift in Sources */,
				6DBF825E229C34F200E334B9 /* Event.swift in Sources */,
				6D750FF522B6C18F004BA26F /* OptionalExtension.swift in Sources */,
				6DC8FF7622061E30002749A4 /* EnterBeerViewController.swift in Sources */,
				6D902A8A21FA968600A3860B /* AppDelegate.swift in Sources */,
				6DBF825A229C341100E334B9 /* User.swift in Sources */,
				6D63F6EB2299B74300ABF4AB /* TopDownAnimator.swift in Sources */,
				6D4900D822BEB9160071E3D3 /* UIToolbarExtension.swift in Sources */,
				6D750FF022B6B4CE004BA26F /* NoEventsView.swift in Sources */,
				6DBF8257229C2F2D00E334B9 /* NetworkErrors.swift in Sources */,
				6DBF8253229C27D400E334B9 /* ServiceClient.swift in Sources */,
				6DBF826822A305EB00E334B9 /* Defaults.swift in Sources */,
				6D63F6E822909B8B00ABF4AB /* SignInCreateAccountViewController.swift in Sources */,
				6D750FF722B6C234004BA26F /* EventsTableViewController.swift in Sources */,
				6DBF826122A2FDCC00E334B9 /* Cacheable.swift in Sources */,
			);
			runOnlyForDeploymentPostprocessing = 0;
		};
		6D902A9621FA968900A3860B /* Sources */ = {
			isa = PBXSourcesBuildPhase;
			buildActionMask = 2147483647;
			files = (
				6D4900E022C7EB980071E3D3 /* EventsServiceTests.swift in Sources */,
				6D4900E322C7EC1F0071E3D3 /* FakeServiceClient.swift in Sources */,
				6D4900EB22C7F4BE0071E3D3 /* AuthServiceTests.swift in Sources */,
				6D4900ED22C7F6980071E3D3 /* FakeUserDefaults.swift in Sources */,
				6DF976BF22D1169A000046BF /* UserServiceTests.swift in Sources */,
			);
			runOnlyForDeploymentPostprocessing = 0;
		};
/* End PBXSourcesBuildPhase section */

/* Begin PBXTargetDependency section */
		6D902A9C21FA968900A3860B /* PBXTargetDependency */ = {
			isa = PBXTargetDependency;
			target = 6D902A8521FA968600A3860B /* Febrewary */;
			targetProxy = 6D902A9B21FA968900A3860B /* PBXContainerItemProxy */;
		};
/* End PBXTargetDependency section */

/* Begin PBXVariantGroup section */
		6D902A8D21FA968600A3860B /* Main.storyboard */ = {
			isa = PBXVariantGroup;
			children = (
				6D902A8E21FA968600A3860B /* Base */,
			);
			name = Main.storyboard;
			sourceTree = "<group>";
		};
		6D902A9221FA968800A3860B /* LaunchScreen.storyboard */ = {
			isa = PBXVariantGroup;
			children = (
				6D902A9321FA968800A3860B /* Base */,
			);
			name = LaunchScreen.storyboard;
			sourceTree = "<group>";
		};
/* End PBXVariantGroup section */

/* Begin XCBuildConfiguration section */
		6D902AA121FA968900A3860B /* Debug */ = {
			isa = XCBuildConfiguration;
			buildSettings = {
				ALWAYS_SEARCH_USER_PATHS = NO;
				CLANG_ANALYZER_NONNULL = YES;
				CLANG_ANALYZER_NUMBER_OBJECT_CONVERSION = YES_AGGRESSIVE;
				CLANG_CXX_LANGUAGE_STANDARD = "gnu++14";
				CLANG_CXX_LIBRARY = "libc++";
				CLANG_ENABLE_MODULES = YES;
				CLANG_ENABLE_OBJC_ARC = YES;
				CLANG_ENABLE_OBJC_WEAK = YES;
				CLANG_WARN_BLOCK_CAPTURE_AUTORELEASING = YES;
				CLANG_WARN_BOOL_CONVERSION = YES;
				CLANG_WARN_COMMA = YES;
				CLANG_WARN_CONSTANT_CONVERSION = YES;
				CLANG_WARN_DEPRECATED_OBJC_IMPLEMENTATIONS = YES;
				CLANG_WARN_DIRECT_OBJC_ISA_USAGE = YES_ERROR;
				CLANG_WARN_DOCUMENTATION_COMMENTS = YES;
				CLANG_WARN_EMPTY_BODY = YES;
				CLANG_WARN_ENUM_CONVERSION = YES;
				CLANG_WARN_INFINITE_RECURSION = YES;
				CLANG_WARN_INT_CONVERSION = YES;
				CLANG_WARN_NON_LITERAL_NULL_CONVERSION = YES;
				CLANG_WARN_OBJC_IMPLICIT_RETAIN_SELF = YES;
				CLANG_WARN_OBJC_LITERAL_CONVERSION = YES;
				CLANG_WARN_OBJC_ROOT_CLASS = YES_ERROR;
				CLANG_WARN_RANGE_LOOP_ANALYSIS = YES;
				CLANG_WARN_STRICT_PROTOTYPES = YES;
				CLANG_WARN_SUSPICIOUS_MOVE = YES;
				CLANG_WARN_UNGUARDED_AVAILABILITY = YES_AGGRESSIVE;
				CLANG_WARN_UNREACHABLE_CODE = YES;
				CLANG_WARN__DUPLICATE_METHOD_MATCH = YES;
				CODE_SIGN_IDENTITY = "iPhone Developer";
				COPY_PHASE_STRIP = NO;
				DEBUG_INFORMATION_FORMAT = dwarf;
				ENABLE_STRICT_OBJC_MSGSEND = YES;
				ENABLE_TESTABILITY = YES;
				GCC_C_LANGUAGE_STANDARD = gnu11;
				GCC_DYNAMIC_NO_PIC = NO;
				GCC_NO_COMMON_BLOCKS = YES;
				GCC_OPTIMIZATION_LEVEL = 0;
				GCC_PREPROCESSOR_DEFINITIONS = (
					"DEBUG=1",
					"$(inherited)",
				);
				GCC_WARN_64_TO_32_BIT_CONVERSION = YES;
				GCC_WARN_ABOUT_RETURN_TYPE = YES_ERROR;
				GCC_WARN_UNDECLARED_SELECTOR = YES;
				GCC_WARN_UNINITIALIZED_AUTOS = YES_AGGRESSIVE;
				GCC_WARN_UNUSED_FUNCTION = YES;
				GCC_WARN_UNUSED_VARIABLE = YES;
				IPHONEOS_DEPLOYMENT_TARGET = 12.1;
				MTL_ENABLE_DEBUG_INFO = INCLUDE_SOURCE;
				MTL_FAST_MATH = YES;
				ONLY_ACTIVE_ARCH = YES;
				SDKROOT = iphoneos;
				SWIFT_ACTIVE_COMPILATION_CONDITIONS = DEBUG;
				SWIFT_OPTIMIZATION_LEVEL = "-Onone";
			};
			name = Debug;
		};
		6D902AA221FA968900A3860B /* Release */ = {
			isa = XCBuildConfiguration;
			buildSettings = {
				ALWAYS_SEARCH_USER_PATHS = NO;
				CLANG_ANALYZER_NONNULL = YES;
				CLANG_ANALYZER_NUMBER_OBJECT_CONVERSION = YES_AGGRESSIVE;
				CLANG_CXX_LANGUAGE_STANDARD = "gnu++14";
				CLANG_CXX_LIBRARY = "libc++";
				CLANG_ENABLE_MODULES = YES;
				CLANG_ENABLE_OBJC_ARC = YES;
				CLANG_ENABLE_OBJC_WEAK = YES;
				CLANG_WARN_BLOCK_CAPTURE_AUTORELEASING = YES;
				CLANG_WARN_BOOL_CONVERSION = YES;
				CLANG_WARN_COMMA = YES;
				CLANG_WARN_CONSTANT_CONVERSION = YES;
				CLANG_WARN_DEPRECATED_OBJC_IMPLEMENTATIONS = YES;
				CLANG_WARN_DIRECT_OBJC_ISA_USAGE = YES_ERROR;
				CLANG_WARN_DOCUMENTATION_COMMENTS = YES;
				CLANG_WARN_EMPTY_BODY = YES;
				CLANG_WARN_ENUM_CONVERSION = YES;
				CLANG_WARN_INFINITE_RECURSION = YES;
				CLANG_WARN_INT_CONVERSION = YES;
				CLANG_WARN_NON_LITERAL_NULL_CONVERSION = YES;
				CLANG_WARN_OBJC_IMPLICIT_RETAIN_SELF = YES;
				CLANG_WARN_OBJC_LITERAL_CONVERSION = YES;
				CLANG_WARN_OBJC_ROOT_CLASS = YES_ERROR;
				CLANG_WARN_RANGE_LOOP_ANALYSIS = YES;
				CLANG_WARN_STRICT_PROTOTYPES = YES;
				CLANG_WARN_SUSPICIOUS_MOVE = YES;
				CLANG_WARN_UNGUARDED_AVAILABILITY = YES_AGGRESSIVE;
				CLANG_WARN_UNREACHABLE_CODE = YES;
				CLANG_WARN__DUPLICATE_METHOD_MATCH = YES;
				CODE_SIGN_IDENTITY = "iPhone Developer";
				COPY_PHASE_STRIP = NO;
				DEBUG_INFORMATION_FORMAT = "dwarf-with-dsym";
				ENABLE_NS_ASSERTIONS = NO;
				ENABLE_STRICT_OBJC_MSGSEND = YES;
				GCC_C_LANGUAGE_STANDARD = gnu11;
				GCC_NO_COMMON_BLOCKS = YES;
				GCC_WARN_64_TO_32_BIT_CONVERSION = YES;
				GCC_WARN_ABOUT_RETURN_TYPE = YES_ERROR;
				GCC_WARN_UNDECLARED_SELECTOR = YES;
				GCC_WARN_UNINITIALIZED_AUTOS = YES_AGGRESSIVE;
				GCC_WARN_UNUSED_FUNCTION = YES;
				GCC_WARN_UNUSED_VARIABLE = YES;
				IPHONEOS_DEPLOYMENT_TARGET = 12.1;
				MTL_ENABLE_DEBUG_INFO = NO;
				MTL_FAST_MATH = YES;
				SDKROOT = iphoneos;
				SWIFT_COMPILATION_MODE = wholemodule;
				SWIFT_OPTIMIZATION_LEVEL = "-O";
				VALIDATE_PRODUCT = YES;
			};
			name = Release;
		};
		6D902AA421FA968900A3860B /* Debug */ = {
			isa = XCBuildConfiguration;
			buildSettings = {
				ASSETCATALOG_COMPILER_APPICON_NAME = AppIcon;
				CODE_SIGN_STYLE = Automatic;
				DEVELOPMENT_TEAM = 3Z4ZDG98FM;
				INFOPLIST_FILE = Febrewary/Info.plist;
				LD_RUNPATH_SEARCH_PATHS = (
					"$(inherited)",
					"@executable_path/Frameworks",
				);
				PRODUCT_BUNDLE_IDENTIFIER = com.mattdias.Febrewary;
				PRODUCT_NAME = "$(TARGET_NAME)";
				SWIFT_VERSION = 5.0;
				TARGETED_DEVICE_FAMILY = "1,2";
			};
			name = Debug;
		};
		6D902AA521FA968900A3860B /* Release */ = {
			isa = XCBuildConfiguration;
			buildSettings = {
				ASSETCATALOG_COMPILER_APPICON_NAME = AppIcon;
				CODE_SIGN_STYLE = Automatic;
				DEVELOPMENT_TEAM = 3Z4ZDG98FM;
				INFOPLIST_FILE = Febrewary/Info.plist;
				LD_RUNPATH_SEARCH_PATHS = (
					"$(inherited)",
					"@executable_path/Frameworks",
				);
				PRODUCT_BUNDLE_IDENTIFIER = com.mattdias.Febrewary;
				PRODUCT_NAME = "$(TARGET_NAME)";
				SWIFT_VERSION = 5.0;
				TARGETED_DEVICE_FAMILY = "1,2";
			};
			name = Release;
		};
		6D902AA721FA968900A3860B /* Debug */ = {
			isa = XCBuildConfiguration;
			buildSettings = {
				ALWAYS_EMBED_SWIFT_STANDARD_LIBRARIES = YES;
				BUNDLE_LOADER = "$(TEST_HOST)";
				CLANG_ENABLE_MODULES = YES;
				CODE_SIGN_STYLE = Automatic;
				DEVELOPMENT_TEAM = 3Z4ZDG98FM;
				INFOPLIST_FILE = FebrewaryTests/Info.plist;
				LD_RUNPATH_SEARCH_PATHS = (
					"$(inherited)",
					"@executable_path/Frameworks",
					"@loader_path/Frameworks",
				);
				PRODUCT_BUNDLE_IDENTIFIER = com.mattdias.FebrewaryTests;
				PRODUCT_NAME = "$(TARGET_NAME)";
				SWIFT_OPTIMIZATION_LEVEL = "-Onone";
				SWIFT_VERSION = 4.2;
				TARGETED_DEVICE_FAMILY = "1,2";
				TEST_HOST = "$(BUILT_PRODUCTS_DIR)/Febrewary.app/Febrewary";
			};
			name = Debug;
		};
		6D902AA821FA968900A3860B /* Release */ = {
			isa = XCBuildConfiguration;
			buildSettings = {
				ALWAYS_EMBED_SWIFT_STANDARD_LIBRARIES = YES;
				BUNDLE_LOADER = "$(TEST_HOST)";
				CLANG_ENABLE_MODULES = YES;
				CODE_SIGN_STYLE = Automatic;
				DEVELOPMENT_TEAM = 3Z4ZDG98FM;
				INFOPLIST_FILE = FebrewaryTests/Info.plist;
				LD_RUNPATH_SEARCH_PATHS = (
					"$(inherited)",
					"@executable_path/Frameworks",
					"@loader_path/Frameworks",
				);
				PRODUCT_BUNDLE_IDENTIFIER = com.mattdias.FebrewaryTests;
				PRODUCT_NAME = "$(TARGET_NAME)";
				SWIFT_VERSION = 4.2;
				TARGETED_DEVICE_FAMILY = "1,2";
				TEST_HOST = "$(BUILT_PRODUCTS_DIR)/Febrewary.app/Febrewary";
			};
			name = Release;
		};
/* End XCBuildConfiguration section */

/* Begin XCConfigurationList section */
		6D902A8121FA968600A3860B /* Build configuration list for PBXProject "Febrewary" */ = {
			isa = XCConfigurationList;
			buildConfigurations = (
				6D902AA121FA968900A3860B /* Debug */,
				6D902AA221FA968900A3860B /* Release */,
			);
			defaultConfigurationIsVisible = 0;
			defaultConfigurationName = Release;
		};
		6D902AA321FA968900A3860B /* Build configuration list for PBXNativeTarget "Febrewary" */ = {
			isa = XCConfigurationList;
			buildConfigurations = (
				6D902AA421FA968900A3860B /* Debug */,
				6D902AA521FA968900A3860B /* Release */,
			);
			defaultConfigurationIsVisible = 0;
			defaultConfigurationName = Release;
		};
		6D902AA621FA968900A3860B /* Build configuration list for PBXNativeTarget "FebrewaryTests" */ = {
			isa = XCConfigurationList;
			buildConfigurations = (
				6D902AA721FA968900A3860B /* Debug */,
				6D902AA821FA968900A3860B /* Release */,
			);
			defaultConfigurationIsVisible = 0;
			defaultConfigurationName = Release;
		};
/* End XCConfigurationList section */
	};
	rootObject = 6D902A7E21FA968600A3860B /* Project object */;
}
